
Microsoft Visual Studio Solution File, Format Version 10.00
# Visual Studio 2008
Project("{FAE04EC0-301F-11D3-BF4B-00C04F79EFBC}") = "UsingPInvoke", "UsingPInvoke\UsingPInvoke.csproj", "{A4C643A6-29F4-4781-BB95-CBE5C9090084}"
EndProject
Project("{8BC9CEB8-8B4A-11D0-8D11-00A0C91BC942}") = "UsingCppCli", "UsingCppCli\UsingCppCli.vcproj", "{6A1FDD1B-E2D5-45A8-8220-71E9B55BED36}"
EndProject
Project("{8BC9CEB8-8B4A-11D0-8D11-00A0C91BC942}") = "NativeLibrary", "NativeLibrary\NativeLibrary.vcproj", "{F7A1ADB8-C011-4E43-AFA4-CE3ED5A2540E}"
EndProject
Project("{2150E333-8FDC-42A3-9474-1A3956D46DE8}") = "PInvoke", "PInvoke", "{064F40ED-FAA7-4BFB-BE38-D901B2CFCD26}"
EndProject
Project("{2150E333-8FDC-42A3-9474-1A3956D46DE8}") = "C++CLI", "C++CLI", "{5E04F0D2-CC89-4883-842C-30E1B2495A81}"
EndProject
Project("{2150E333-8FDC-42A3-9474-1A3956D46DE8}") = "COMInterop", "COMInterop", "{9ED54446-8627-4EF7-973F-1E9B73B77EFD}"
EndProject
Project("{8BC9CEB8-8B4A-11D0-8D11-00A0C91BC942}") = "SimpleCOMCalculator", "SimpleCOMCalculator\SimpleCOMCalculator.vcproj", "{C24B5302-F490-4ECE-AB3E-B35D3100755F}"
EndProject
Project("{8BC9CEB8-8B4A-11D0-8D11-00A0C91BC942}") = "SimpleCOMCalculatorPS", "SimpleCOMCalculator\SimpleCOMCalculatorPS.vcproj", "{DC1173FA-666F-43B1-943A-B33FFEEB1082}"
	ProjectSection(ProjectDependencies) = postProject
		{C24B5302-F490-4ECE-AB3E-B35D3100755F} = {C24B5302-F490-4ECE-AB3E-B35D3100755F}
	EndProjectSection
EndProject
Project("{FAE04EC0-301F-11D3-BF4B-00C04F79EFBC}") = "CalculatorClient", "CalculatorClient\CalculatorClient.csproj", "{AB23501F-773D-4C7D-908C-02A33D601226}"
EndProject
Project("{FAE04EC0-301F-11D3-BF4B-00C04F79EFBC}") = "UsefulManagedLibrary", "UsefulManagedLibrary\UsefulManagedLibrary.csproj", "{BD1B8DF3-3923-42FC-9857-D5B1627743AA}"
EndProject
Project("{8BC9CEB8-8B4A-11D0-8D11-00A0C91BC942}") = "NativeClient", "NativeClient\NativeClient.vcproj", "{30556B4D-8F17-4D23-901A-8E10FFA74FBD}"
EndProject
Global
	GlobalSection(SolutionConfigurationPlatforms) = preSolution
		Debug|x64 = Debug|x64
		Debug|x86 = Debug|x86
		Release|x64 = Release|x64
		Release|x86 = Release|x86
	EndGlobalSection
	GlobalSection(ProjectConfigurationPlatforms) = postSolution
		{A4C643A6-29F4-4781-BB95-CBE5C9090084}.Debug|x64.ActiveCfg = Debug|x64
		{A4C643A6-29F4-4781-BB95-CBE5C9090084}.Debug|x64.Build.0 = Debug|x64
		{A4C643A6-29F4-4781-BB95-CBE5C9090084}.Debug|x86.ActiveCfg = Debug|x86
		{A4C643A6-29F4-4781-BB95-CBE5C9090084}.Debug|x86.Build.0 = Debug|x86
		{A4C643A6-29F4-4781-BB95-CBE5C9090084}.Release|x64.ActiveCfg = Release|Any CPU
		{A4C643A6-29F4-4781-BB95-CBE5C9090084}.Release|x64.Build.0 = Release|Any CPU
		{A4C643A6-29F4-4781-BB95-CBE5C9090084}.Release|x86.ActiveCfg = Release|Any CPU
		{6A1FDD1B-E2D5-45A8-8220-71E9B55BED36}.Debug|x64.ActiveCfg = Debug|x64
		{6A1FDD1B-E2D5-45A8-8220-71E9B55BED36}.Debug|x64.Build.0 = Debug|x64
		{6A1FDD1B-E2D5-45A8-8220-71E9B55BED36}.Debug|x86.ActiveCfg = Debug|Win32
		{6A1FDD1B-E2D5-45A8-8220-71E9B55BED36}.Debug|x86.Build.0 = Debug|Win32
		{6A1FDD1B-E2D5-45A8-8220-71E9B55BED36}.Release|x64.ActiveCfg = Release|Win32
		{6A1FDD1B-E2D5-45A8-8220-71E9B55BED36}.Release|x64.Build.0 = Release|Win32
		{6A1FDD1B-E2D5-45A8-8220-71E9B55BED36}.Release|x86.ActiveCfg = Release|Win32
		{6A1FDD1B-E2D5-45A8-8220-71E9B55BED36}.Release|x86.Build.0 = Release|Win32
		{F7A1ADB8-C011-4E43-AFA4-CE3ED5A2540E}.Debug|x64.ActiveCfg = Debug|x64
		{F7A1ADB8-C011-4E43-AFA4-CE3ED5A2540E}.Debug|x64.Build.0 = Debug|x64
		{F7A1ADB8-C011-4E43-AFA4-CE3ED5A2540E}.Debug|x86.ActiveCfg = Debug|Win32
		{F7A1ADB8-C011-4E43-AFA4-CE3ED5A2540E}.Debug|x86.Build.0 = Debug|Win32
		{F7A1ADB8-C011-4E43-AFA4-CE3ED5A2540E}.Release|x64.ActiveCfg = Release|Win32
		{F7A1ADB8-C011-4E43-AFA4-CE3ED5A2540E}.Release|x64.Build.0 = Release|Win32
		{F7A1ADB8-C011-4E43-AFA4-CE3ED5A2540E}.Release|x86.ActiveCfg = Release|Win32
		{F7A1ADB8-C011-4E43-AFA4-CE3ED5A2540E}.Release|x86.Build.0 = Release|Win32
		{C24B5302-F490-4ECE-AB3E-B35D3100755F}.Debug|x64.ActiveCfg = Debug|x64
		{C24B5302-F490-4ECE-AB3E-B35D3100755F}.Debug|x64.Build.0 = Debug|x64
		{C24B5302-F490-4ECE-AB3E-B35D3100755F}.Debug|x86.ActiveCfg = Debug|Win32
		{C24B5302-F490-4ECE-AB3E-B35D3100755F}.Debug|x86.Build.0 = Debug|Win32
		{C24B5302-F490-4ECE-AB3E-B35D3100755F}.Release|x64.ActiveCfg = Release|Win32
		{C24B5302-F490-4ECE-AB3E-B35D3100755F}.Release|x86.ActiveCfg = Release|Win32
		{DC1173FA-666F-43B1-943A-B33FFEEB1082}.Debug|x64.ActiveCfg = Debug|Win32
		{DC1173FA-666F-43B1-943A-B33FFEEB1082}.Debug|x86.ActiveCfg = Debug|Win32
		{DC1173FA-666F-43B1-943A-B33FFEEB1082}.Release|x64.ActiveCfg = Release|Win32
		{DC1173FA-666F-43B1-943A-B33FFEEB1082}.Release|x86.ActiveCfg = Release|Win32
		{AB23501F-773D-4C7D-908C-02A33D601226}.Debug|x64.ActiveCfg = Debug|x64
		{AB23501F-773D-4C7D-908C-02A33D601226}.Debug|x64.Build.0 = Debug|x64
		{AB23501F-773D-4C7D-908C-02A33D601226}.Debug|x86.ActiveCfg = Debug|x86
		{AB23501F-773D-4C7D-908C-02A33D601226}.Debug|x86.Build.0 = Debug|x86
		{AB23501F-773D-4C7D-908C-02A33D601226}.Release|x64.ActiveCfg = Release|Any CPU
		{AB23501F-773D-4C7D-908C-02A33D601226}.Release|x86.ActiveCfg = Release|Any CPU
		{BD1B8DF3-3923-42FC-9857-D5B1627743AA}.Debug|x64.ActiveCfg = Debug|x64
		{BD1B8DF3-3923-42FC-9857-D5B1627743AA}.Debug|x64.Build.0 = Debug|x64
		{BD1B8DF3-3923-42FC-9857-D5B1627743AA}.Debug|x86.ActiveCfg = Debug|x86
		{BD1B8DF3-3923-42FC-9857-D5B1627743AA}.Debug|x86.Build.0 = Debug|x86
		{BD1B8DF3-3923-42FC-9857-D5B1627743AA}.Release|x64.ActiveCfg = Release|Any CPU
		{BD1B8DF3-3923-42FC-9857-D5B1627743AA}.Release|x86.ActiveCfg = Release|Any CPU
		{30556B4D-8F17-4D23-901A-8E10FFA74FBD}.Debug|x64.ActiveCfg = Debug|x64
		{30556B4D-8F17-4D23-901A-8E10FFA74FBD}.Debug|x64.Build.0 = Debug|x64
		{30556B4D-8F17-4D23-901A-8E10FFA74FBD}.Debug|x86.ActiveCfg = Debug|Win32
		{30556B4D-8F17-4D23-901A-8E10FFA74FBD}.Debug|x86.Build.0 = Debug|Win32
		{30556B4D-8F17-4D23-901A-8E10FFA74FBD}.Release|x64.ActiveCfg = Release|Win32
		{30556B4D-8F17-4D23-901A-8E10FFA74FBD}.Release|x86.ActiveCfg = Release|Win32
	EndGlobalSection
	GlobalSection(SolutionProperties) = preSolution
		HideSolutionNode = FALSE
	EndGlobalSection
	GlobalSection(NestedProjects) = preSolution
		{F7A1ADB8-C011-4E43-AFA4-CE3ED5A2540E} = {064F40ED-FAA7-4BFB-BE38-D901B2CFCD26}
		{A4C643A6-29F4-4781-BB95-CBE5C9090084} = {064F40ED-FAA7-4BFB-BE38-D901B2CFCD26}
		{6A1FDD1B-E2D5-45A8-8220-71E9B55BED36} = {5E04F0D2-CC89-4883-842C-30E1B2495A81}
		{C24B5302-F490-4ECE-AB3E-B35D3100755F} = {9ED54446-8627-4EF7-973F-1E9B73B77EFD}
		{DC1173FA-666F-43B1-943A-B33FFEEB1082} = {9ED54446-8627-4EF7-973F-1E9B73B77EFD}
		{AB23501F-773D-4C7D-908C-02A33D601226} = {9ED54446-8627-4EF7-973F-1E9B73B77EFD}
		{BD1B8DF3-3923-42FC-9857-D5B1627743AA} = {9ED54446-8627-4EF7-973F-1E9B73B77EFD}
		{30556B4D-8F17-4D23-901A-8E10FFA74FBD} = {9ED54446-8627-4EF7-973F-1E9B73B77EFD}
	EndGlobalSection
EndGlobal
