
Microsoft Visual Studio Solution File, Format Version 10.00
# Visual Studio 2008
Project("{FAE04EC0-301F-11D3-BF4B-00C04F79EFBC}") = "MvcAjaxForms", "MvcAjaxForms.csproj", "{AAF17E5B-6DF7-46A4-9FA1-93A190E3A929}"
EndProject
Global
	GlobalSection(SolutionConfigurationPlatforms) = preSolution
		Debug|Any CPU = Debug|Any CPU
		Release|Any CPU = Release|Any CPU
	EndGlobalSection
	GlobalSection(ProjectConfigurationPlatforms) = postSolution
		{AAF17E5B-6DF7-46A4-9FA1-93A190E3A929}.Debug|Any CPU.ActiveCfg = Debug|Any CPU
		{AAF17E5B-6DF7-46A4-9FA1-93A190E3A929}.Debug|Any CPU.Build.0 = Debug|Any CPU
		{AAF17E5B-6DF7-46A4-9FA1-93A190E3A929}.Release|Any CPU.ActiveCfg = Release|Any CPU
		{AAF17E5B-6DF7-46A4-9FA1-93A190E3A929}.Release|Any CPU.Build.0 = Release|Any CPU
	EndGlobalSection
	GlobalSection(SolutionProperties) = preSolution
		HideSolutionNode = FALSE
	EndGlobalSection
EndGlobal
