
Microsoft Visual Studio Solution File, Format Version 11.00
# Visual Studio 2010
Project("{FAE04EC0-301F-11D3-BF4B-00C04F79EFBC}") = "MvcMusicStore", "MvcMusicStore\MvcMusicStore.csproj", "{BCAF6AE6-6DCB-4B08-8EFC-0D5DF5C3C46F}"
EndProject
Global
	GlobalSection(SolutionConfigurationPlatforms) = preSolution
		Debug|Any CPU = Debug|Any CPU
		Release|Any CPU = Release|Any CPU
	EndGlobalSection
	GlobalSection(ProjectConfigurationPlatforms) = postSolution
		{BCAF6AE6-6DCB-4B08-8EFC-0D5DF5C3C46F}.Debug|Any CPU.ActiveCfg = Debug|Any CPU
		{BCAF6AE6-6DCB-4B08-8EFC-0D5DF5C3C46F}.Debug|Any CPU.Build.0 = Debug|Any CPU
		{BCAF6AE6-6DCB-4B08-8EFC-0D5DF5C3C46F}.Release|Any CPU.ActiveCfg = Release|Any CPU
		{BCAF6AE6-6DCB-4B08-8EFC-0D5DF5C3C46F}.Release|Any CPU.Build.0 = Release|Any CPU
	EndGlobalSection
	GlobalSection(SolutionProperties) = preSolution
		HideSolutionNode = FALSE
	EndGlobalSection
EndGlobal
