
Microsoft Visual Studio Solution File, Format Version 11.00
# Visual Studio 2010
Project("{FAE04EC0-301F-11D3-BF4B-00C04F79EFBC}") = "StructuralPatterns", "StructuralPatterns\StructuralPatterns.csproj", "{BD329302-A8BD-43CE-8F4D-DBBD03042E26}"
EndProject
Project("{FAE04EC0-301F-11D3-BF4B-00C04F79EFBC}") = "CreationalPatterns", "CreationalPatterns\CreationalPatterns.csproj", "{6B0C972E-852C-42C1-8841-337FFBEF4947}"
EndProject
Project("{FAE04EC0-301F-11D3-BF4B-00C04F79EFBC}") = "BehaviorPattern", "BehaviorPattern\BehaviorPattern.csproj", "{FC492603-4933-400C-98BD-570EDC156F3A}"
EndProject
Global
	GlobalSection(SolutionConfigurationPlatforms) = preSolution
		Debug|Any CPU = Debug|Any CPU
		Release|Any CPU = Release|Any CPU
	EndGlobalSection
	GlobalSection(ProjectConfigurationPlatforms) = postSolution
		{BD329302-A8BD-43CE-8F4D-DBBD03042E26}.Debug|Any CPU.ActiveCfg = Debug|Any CPU
		{BD329302-A8BD-43CE-8F4D-DBBD03042E26}.Debug|Any CPU.Build.0 = Debug|Any CPU
		{BD329302-A8BD-43CE-8F4D-DBBD03042E26}.Release|Any CPU.ActiveCfg = Release|Any CPU
		{BD329302-A8BD-43CE-8F4D-DBBD03042E26}.Release|Any CPU.Build.0 = Release|Any CPU
		{6B0C972E-852C-42C1-8841-337FFBEF4947}.Debug|Any CPU.ActiveCfg = Debug|Any CPU
		{6B0C972E-852C-42C1-8841-337FFBEF4947}.Debug|Any CPU.Build.0 = Debug|Any CPU
		{6B0C972E-852C-42C1-8841-337FFBEF4947}.Release|Any CPU.ActiveCfg = Release|Any CPU
		{6B0C972E-852C-42C1-8841-337FFBEF4947}.Release|Any CPU.Build.0 = Release|Any CPU
		{FC492603-4933-400C-98BD-570EDC156F3A}.Debug|Any CPU.ActiveCfg = Debug|Any CPU
		{FC492603-4933-400C-98BD-570EDC156F3A}.Debug|Any CPU.Build.0 = Debug|Any CPU
		{FC492603-4933-400C-98BD-570EDC156F3A}.Release|Any CPU.ActiveCfg = Release|Any CPU
		{FC492603-4933-400C-98BD-570EDC156F3A}.Release|Any CPU.Build.0 = Release|Any CPU
	EndGlobalSection
	GlobalSection(SolutionProperties) = preSolution
		HideSolutionNode = FALSE
	EndGlobalSection
EndGlobal
