
Microsoft Visual Studio Solution File, Format Version 11.00
# Visual Studio 2010
Project("{CC5FD16D-436D-48AD-A40C-5A424C6E3E79}") = "GuestBook", "GuestBook\GuestBook.ccproj", "{E3995A2E-1B84-451C-B0CF-2527DA1D42F4}"
EndProject
Project("{F184B08F-C81C-45F6-A57F-5ABD9991F28F}") = "GuestBook_WebRole", "GuestBook_WebRole\GuestBook_WebRole.vbproj", "{D4F9FA37-FA3E-4A94-86C0-445BA5B01016}"
EndProject
Project("{F184B08F-C81C-45F6-A57F-5ABD9991F28F}") = "GuestBook_Data", "GuestBook_Data\GuestBook_Data.vbproj", "{87F4451F-4F0D-47DF-B686-4FA7E7C13843}"
EndProject
Project("{F184B08F-C81C-45F6-A57F-5ABD9991F28F}") = "GuestBook_WorkerRole", "GuestBook_WorkerRole\GuestBook_WorkerRole.vbproj", "{5B90C357-67FE-4D81-8B3D-210D689E84C5}"
EndProject
Global
	GlobalSection(SolutionConfigurationPlatforms) = preSolution
		Debug|Any CPU = Debug|Any CPU
		Release|Any CPU = Release|Any CPU
	EndGlobalSection
	GlobalSection(ProjectConfigurationPlatforms) = postSolution
		{E3995A2E-1B84-451C-B0CF-2527DA1D42F4}.Debug|Any CPU.ActiveCfg = Debug|Any CPU
		{E3995A2E-1B84-451C-B0CF-2527DA1D42F4}.Debug|Any CPU.Build.0 = Debug|Any CPU
		{E3995A2E-1B84-451C-B0CF-2527DA1D42F4}.Release|Any CPU.ActiveCfg = Release|Any CPU
		{E3995A2E-1B84-451C-B0CF-2527DA1D42F4}.Release|Any CPU.Build.0 = Release|Any CPU
		{D4F9FA37-FA3E-4A94-86C0-445BA5B01016}.Debug|Any CPU.ActiveCfg = Debug|Any CPU
		{D4F9FA37-FA3E-4A94-86C0-445BA5B01016}.Debug|Any CPU.Build.0 = Debug|Any CPU
		{D4F9FA37-FA3E-4A94-86C0-445BA5B01016}.Release|Any CPU.ActiveCfg = Release|Any CPU
		{D4F9FA37-FA3E-4A94-86C0-445BA5B01016}.Release|Any CPU.Build.0 = Release|Any CPU
		{87F4451F-4F0D-47DF-B686-4FA7E7C13843}.Debug|Any CPU.ActiveCfg = Debug|Any CPU
		{87F4451F-4F0D-47DF-B686-4FA7E7C13843}.Debug|Any CPU.Build.0 = Debug|Any CPU
		{87F4451F-4F0D-47DF-B686-4FA7E7C13843}.Release|Any CPU.ActiveCfg = Release|Any CPU
		{87F4451F-4F0D-47DF-B686-4FA7E7C13843}.Release|Any CPU.Build.0 = Release|Any CPU
		{5B90C357-67FE-4D81-8B3D-210D689E84C5}.Debug|Any CPU.ActiveCfg = Debug|Any CPU
		{5B90C357-67FE-4D81-8B3D-210D689E84C5}.Debug|Any CPU.Build.0 = Debug|Any CPU
		{5B90C357-67FE-4D81-8B3D-210D689E84C5}.Release|Any CPU.ActiveCfg = Release|Any CPU
		{5B90C357-67FE-4D81-8B3D-210D689E84C5}.Release|Any CPU.Build.0 = Release|Any CPU
	EndGlobalSection
	GlobalSection(SolutionProperties) = preSolution
		HideSolutionNode = FALSE
	EndGlobalSection
EndGlobal
