
Microsoft Visual Studio Solution File, Format Version 11.00
# Visual Studio 2010
Project("{FAE04EC0-301F-11D3-BF4B-00C04F79EFBC}") = "UsingRIAServices", "UsingRIAServices\UsingRIAServices.csproj", "{2DCE70CC-1930-4E82-B608-C8F8076F2D2C}"
	ProjectSection(ProjectDependencies) = postProject
		{EB09554C-95D0-466D-A63D-70782F051001} = {EB09554C-95D0-466D-A63D-70782F051001}
	EndProjectSection
EndProject
Project("{FAE04EC0-301F-11D3-BF4B-00C04F79EFBC}") = "UsingRIAServices.Web", "UsingRIAServices.Web\UsingRIAServices.Web.csproj", "{EB09554C-95D0-466D-A63D-70782F051001}"
EndProject
Global
	GlobalSection(SolutionConfigurationPlatforms) = preSolution
		Debug|Any CPU = Debug|Any CPU
		Release|Any CPU = Release|Any CPU
	EndGlobalSection
	GlobalSection(ProjectConfigurationPlatforms) = postSolution
		{2DCE70CC-1930-4E82-B608-C8F8076F2D2C}.Debug|Any CPU.ActiveCfg = Debug|Any CPU
		{2DCE70CC-1930-4E82-B608-C8F8076F2D2C}.Debug|Any CPU.Build.0 = Debug|Any CPU
		{2DCE70CC-1930-4E82-B608-C8F8076F2D2C}.Release|Any CPU.ActiveCfg = Release|Any CPU
		{2DCE70CC-1930-4E82-B608-C8F8076F2D2C}.Release|Any CPU.Build.0 = Release|Any CPU
		{EB09554C-95D0-466D-A63D-70782F051001}.Debug|Any CPU.ActiveCfg = Debug|Any CPU
		{EB09554C-95D0-466D-A63D-70782F051001}.Debug|Any CPU.Build.0 = Debug|Any CPU
		{EB09554C-95D0-466D-A63D-70782F051001}.Release|Any CPU.ActiveCfg = Release|Any CPU
		{EB09554C-95D0-466D-A63D-70782F051001}.Release|Any CPU.Build.0 = Release|Any CPU
	EndGlobalSection
	GlobalSection(SolutionProperties) = preSolution
		HideSolutionNode = FALSE
	EndGlobalSection
EndGlobal
