
Microsoft Visual Studio Solution File, Format Version 10.00
# Visual Studio 2008
Project("{FAE04EC0-301F-11D3-BF4B-00C04F79EFBC}") = "PictureFeed_Starter", "PictureFeed_Starter.csproj", "{4E3378F4-1875-4049-8EC9-770F626EEE58}"
EndProject
Project("{FAE04EC0-301F-11D3-BF4B-00C04F79EFBC}") = "PictureProvider", "PictureProvider\PictureProvider.csproj", "{A7A58B3B-7CE4-4C45-B0AB-B20AA2BAF8EF}"
EndProject
Global
	GlobalSection(SolutionConfigurationPlatforms) = preSolution
		Debug|Any CPU = Debug|Any CPU
		Release|Any CPU = Release|Any CPU
	EndGlobalSection
	GlobalSection(ProjectConfigurationPlatforms) = postSolution
		{4E3378F4-1875-4049-8EC9-770F626EEE58}.Debug|Any CPU.ActiveCfg = Debug|Any CPU
		{4E3378F4-1875-4049-8EC9-770F626EEE58}.Debug|Any CPU.Build.0 = Debug|Any CPU
		{4E3378F4-1875-4049-8EC9-770F626EEE58}.Release|Any CPU.ActiveCfg = Release|Any CPU
		{4E3378F4-1875-4049-8EC9-770F626EEE58}.Release|Any CPU.Build.0 = Release|Any CPU
		{A7A58B3B-7CE4-4C45-B0AB-B20AA2BAF8EF}.Debug|Any CPU.ActiveCfg = Debug|Any CPU
		{A7A58B3B-7CE4-4C45-B0AB-B20AA2BAF8EF}.Debug|Any CPU.Build.0 = Debug|Any CPU
		{A7A58B3B-7CE4-4C45-B0AB-B20AA2BAF8EF}.Release|Any CPU.ActiveCfg = Release|Any CPU
		{A7A58B3B-7CE4-4C45-B0AB-B20AA2BAF8EF}.Release|Any CPU.Build.0 = Release|Any CPU
	EndGlobalSection
	GlobalSection(SolutionProperties) = preSolution
		HideSolutionNode = FALSE
	EndGlobalSection
EndGlobal
