
Microsoft Visual Studio Solution File, Format Version 11.00
# Visual Studio 2010
Project("{FAE04EC0-301F-11D3-BF4B-00C04F79EFBC}") = "DesktopDashboard", "DesktopDashboard\DesktopDashboard.csproj", "{7B1D7BA6-1A7A-4F2B-A10B-AC91B8EB5469}"
EndProject
Project("{FAE04EC0-301F-11D3-BF4B-00C04F79EFBC}") = "DesktopDashboard.Web", "DesktopDashboard.Web\DesktopDashboard.Web.csproj", "{02E54236-563D-4C0F-9184-F2F8E18E63CC}"
EndProject
Project("{FAE04EC0-301F-11D3-BF4B-00C04F79EFBC}") = "DesktopDashboard.Model", "DesktopDashboard.Model\DesktopDashboard.Model.csproj", "{82241260-C5E2-4ACC-8DED-B2AF1C17549B}"
EndProject
Global
	GlobalSection(SolutionConfigurationPlatforms) = preSolution
		Debug|Any CPU = Debug|Any CPU
		Release|Any CPU = Release|Any CPU
	EndGlobalSection
	GlobalSection(ProjectConfigurationPlatforms) = postSolution
		{7B1D7BA6-1A7A-4F2B-A10B-AC91B8EB5469}.Debug|Any CPU.ActiveCfg = Debug|Any CPU
		{7B1D7BA6-1A7A-4F2B-A10B-AC91B8EB5469}.Debug|Any CPU.Build.0 = Debug|Any CPU
		{7B1D7BA6-1A7A-4F2B-A10B-AC91B8EB5469}.Release|Any CPU.ActiveCfg = Release|Any CPU
		{7B1D7BA6-1A7A-4F2B-A10B-AC91B8EB5469}.Release|Any CPU.Build.0 = Release|Any CPU
		{02E54236-563D-4C0F-9184-F2F8E18E63CC}.Debug|Any CPU.ActiveCfg = Debug|Any CPU
		{02E54236-563D-4C0F-9184-F2F8E18E63CC}.Debug|Any CPU.Build.0 = Debug|Any CPU
		{02E54236-563D-4C0F-9184-F2F8E18E63CC}.Release|Any CPU.ActiveCfg = Release|Any CPU
		{02E54236-563D-4C0F-9184-F2F8E18E63CC}.Release|Any CPU.Build.0 = Release|Any CPU
		{82241260-C5E2-4ACC-8DED-B2AF1C17549B}.Debug|Any CPU.ActiveCfg = Debug|Any CPU
		{82241260-C5E2-4ACC-8DED-B2AF1C17549B}.Debug|Any CPU.Build.0 = Debug|Any CPU
		{82241260-C5E2-4ACC-8DED-B2AF1C17549B}.Release|Any CPU.ActiveCfg = Release|Any CPU
		{82241260-C5E2-4ACC-8DED-B2AF1C17549B}.Release|Any CPU.Build.0 = Release|Any CPU
	EndGlobalSection
	GlobalSection(SolutionProperties) = preSolution
		HideSolutionNode = FALSE
	EndGlobalSection
EndGlobal
