
Microsoft Visual Studio Solution File, Format Version 11.00
# Visual Studio 2010
Project("{CC5FD16D-436D-48AD-A40C-5A424C6E3E79}") = "GuestBook", "GuestBook\GuestBook.ccproj", "{87897E6B-4962-4D92-B508-321357C525CC}"
EndProject
Project("{FAE04EC0-301F-11D3-BF4B-00C04F79EFBC}") = "GuestBook_WebRole", "GuestBook_WebRole\GuestBook_WebRole.csproj", "{02429735-7A9D-4E91-8438-CAFAB6099BF3}"
EndProject
Project("{FAE04EC0-301F-11D3-BF4B-00C04F79EFBC}") = "GuestBook_Data", "GuestBook_Data\GuestBook_Data.csproj", "{FF608064-4B09-4730-B6E4-0B69BE9DFAAC}"
EndProject
Project("{FAE04EC0-301F-11D3-BF4B-00C04F79EFBC}") = "GuestBook_WorkerRole", "GuestBook_WorkerRole\GuestBook_WorkerRole.csproj", "{69CF07B5-5551-4B21-8F6E-26EE619669F1}"
EndProject
Global
	GlobalSection(SolutionConfigurationPlatforms) = preSolution
		Debug|Any CPU = Debug|Any CPU
		Release|Any CPU = Release|Any CPU
	EndGlobalSection
	GlobalSection(ProjectConfigurationPlatforms) = postSolution
		{87897E6B-4962-4D92-B508-321357C525CC}.Debug|Any CPU.ActiveCfg = Debug|Any CPU
		{87897E6B-4962-4D92-B508-321357C525CC}.Debug|Any CPU.Build.0 = Debug|Any CPU
		{87897E6B-4962-4D92-B508-321357C525CC}.Release|Any CPU.ActiveCfg = Release|Any CPU
		{87897E6B-4962-4D92-B508-321357C525CC}.Release|Any CPU.Build.0 = Release|Any CPU
		{02429735-7A9D-4E91-8438-CAFAB6099BF3}.Debug|Any CPU.ActiveCfg = Debug|Any CPU
		{02429735-7A9D-4E91-8438-CAFAB6099BF3}.Debug|Any CPU.Build.0 = Debug|Any CPU
		{02429735-7A9D-4E91-8438-CAFAB6099BF3}.Release|Any CPU.ActiveCfg = Release|Any CPU
		{02429735-7A9D-4E91-8438-CAFAB6099BF3}.Release|Any CPU.Build.0 = Release|Any CPU
		{FF608064-4B09-4730-B6E4-0B69BE9DFAAC}.Debug|Any CPU.ActiveCfg = Debug|Any CPU
		{FF608064-4B09-4730-B6E4-0B69BE9DFAAC}.Debug|Any CPU.Build.0 = Debug|Any CPU
		{FF608064-4B09-4730-B6E4-0B69BE9DFAAC}.Release|Any CPU.ActiveCfg = Release|Any CPU
		{FF608064-4B09-4730-B6E4-0B69BE9DFAAC}.Release|Any CPU.Build.0 = Release|Any CPU
		{69CF07B5-5551-4B21-8F6E-26EE619669F1}.Debug|Any CPU.ActiveCfg = Debug|Any CPU
		{69CF07B5-5551-4B21-8F6E-26EE619669F1}.Debug|Any CPU.Build.0 = Debug|Any CPU
		{69CF07B5-5551-4B21-8F6E-26EE619669F1}.Release|Any CPU.ActiveCfg = Release|Any CPU
		{69CF07B5-5551-4B21-8F6E-26EE619669F1}.Release|Any CPU.Build.0 = Release|Any CPU
	EndGlobalSection
	GlobalSection(SolutionProperties) = preSolution
		HideSolutionNode = FALSE
	EndGlobalSection
EndGlobal
