
Microsoft Visual Studio Solution File, Format Version 11.00
# Visual Studio 2010
Project("{FAE04EC0-301F-11D3-BF4B-00C04F79EFBC}") = "WCF4Configuration", "WCF4Configuration\WCF4Configuration.csproj", "{BB016541-BA4C-4288-A7F6-726901357E02}"
EndProject
Global
	GlobalSection(SolutionConfigurationPlatforms) = preSolution
		Debug|Any CPU = Debug|Any CPU
		Release|Any CPU = Release|Any CPU
	EndGlobalSection
	GlobalSection(ProjectConfigurationPlatforms) = postSolution
		{BB016541-BA4C-4288-A7F6-726901357E02}.Debug|Any CPU.ActiveCfg = Debug|Any CPU
		{BB016541-BA4C-4288-A7F6-726901357E02}.Debug|Any CPU.Build.0 = Debug|Any CPU
		{BB016541-BA4C-4288-A7F6-726901357E02}.Release|Any CPU.ActiveCfg = Release|Any CPU
		{BB016541-BA4C-4288-A7F6-726901357E02}.Release|Any CPU.Build.0 = Release|Any CPU
	EndGlobalSection
	GlobalSection(SolutionProperties) = preSolution
		HideSolutionNode = FALSE
	EndGlobalSection
EndGlobal
