
Microsoft Visual Studio Solution File, Format Version 9.00
# Visual Studio 2005
Project("{E24C65DC-7377-472B-9ABA-BC803B73C61A}") = "D:\...\Website\", "Website\", "{012192E7-18FC-457D-9A08-75687790EEB1}"
	ProjectSection(WebsiteProperties) = preProject
		ProjectReferences = "{A589F24D-363D-4F72-BDAE-220E31223C1B}|JavaScriptCustomControls.dll;"
		Debug.AspNetCompiler.VirtualPath = "/Website"
		Debug.AspNetCompiler.PhysicalPath = "..\..\..\..\Code\Pro ASP.NET 2.0\Chapter29\Website\"
		Debug.AspNetCompiler.TargetPath = "PrecompiledWeb\Website\"
		Debug.AspNetCompiler.Updateable = "true"
		Debug.AspNetCompiler.ForceOverwrite = "true"
		Debug.AspNetCompiler.FixedNames = "true"
		Debug.AspNetCompiler.Debug = "True"
		Release.AspNetCompiler.VirtualPath = "/Website"
		Release.AspNetCompiler.PhysicalPath = "..\..\..\..\Code\Pro ASP.NET 2.0\Chapter29\Website\"
		Release.AspNetCompiler.TargetPath = "PrecompiledWeb\Website\"
		Release.AspNetCompiler.Updateable = "true"
		Release.AspNetCompiler.ForceOverwrite = "true"
		Release.AspNetCompiler.FixedNames = "true"
		Release.AspNetCompiler.Debug = "False"
		VWDPort = "1790"
	EndProjectSection
EndProject
Project("{FAE04EC0-301F-11D3-BF4B-00C04F79EFBC}") = "JavaScriptCustomControls", "JavaScriptCustomControls\JavaScriptCustomControls.csproj", "{A589F24D-363D-4F72-BDAE-220E31223C1B}"
EndProject
Global
	GlobalSection(SolutionConfigurationPlatforms) = preSolution
		Debug|.NET = Debug|.NET
		Debug|Any CPU = Debug|Any CPU
		Debug|Mixed Platforms = Debug|Mixed Platforms
		Release|.NET = Release|.NET
		Release|Any CPU = Release|Any CPU
		Release|Mixed Platforms = Release|Mixed Platforms
	EndGlobalSection
	GlobalSection(ProjectConfigurationPlatforms) = postSolution
		{012192E7-18FC-457D-9A08-75687790EEB1}.Debug|.NET.ActiveCfg = Debug|.NET
		{012192E7-18FC-457D-9A08-75687790EEB1}.Debug|.NET.Build.0 = Debug|.NET
		{012192E7-18FC-457D-9A08-75687790EEB1}.Debug|Any CPU.ActiveCfg = Debug|.NET
		{012192E7-18FC-457D-9A08-75687790EEB1}.Debug|Mixed Platforms.ActiveCfg = Debug|.NET
		{012192E7-18FC-457D-9A08-75687790EEB1}.Debug|Mixed Platforms.Build.0 = Debug|.NET
		{012192E7-18FC-457D-9A08-75687790EEB1}.Release|.NET.ActiveCfg = Debug|.NET
		{012192E7-18FC-457D-9A08-75687790EEB1}.Release|.NET.Build.0 = Debug|.NET
		{012192E7-18FC-457D-9A08-75687790EEB1}.Release|Any CPU.ActiveCfg = Debug|.NET
		{012192E7-18FC-457D-9A08-75687790EEB1}.Release|Mixed Platforms.ActiveCfg = Debug|.NET
		{012192E7-18FC-457D-9A08-75687790EEB1}.Release|Mixed Platforms.Build.0 = Debug|.NET
		{A589F24D-363D-4F72-BDAE-220E31223C1B}.Debug|.NET.ActiveCfg = Debug|Any CPU
		{A589F24D-363D-4F72-BDAE-220E31223C1B}.Debug|Any CPU.ActiveCfg = Debug|Any CPU
		{A589F24D-363D-4F72-BDAE-220E31223C1B}.Debug|Any CPU.Build.0 = Debug|Any CPU
		{A589F24D-363D-4F72-BDAE-220E31223C1B}.Debug|Mixed Platforms.ActiveCfg = Debug|Any CPU
		{A589F24D-363D-4F72-BDAE-220E31223C1B}.Debug|Mixed Platforms.Build.0 = Debug|Any CPU
		{A589F24D-363D-4F72-BDAE-220E31223C1B}.Release|.NET.ActiveCfg = Release|Any CPU
		{A589F24D-363D-4F72-BDAE-220E31223C1B}.Release|Any CPU.ActiveCfg = Release|Any CPU
		{A589F24D-363D-4F72-BDAE-220E31223C1B}.Release|Any CPU.Build.0 = Release|Any CPU
		{A589F24D-363D-4F72-BDAE-220E31223C1B}.Release|Mixed Platforms.ActiveCfg = Release|Any CPU
		{A589F24D-363D-4F72-BDAE-220E31223C1B}.Release|Mixed Platforms.Build.0 = Release|Any CPU
	EndGlobalSection
	GlobalSection(SolutionProperties) = preSolution
		HideSolutionNode = FALSE
	EndGlobalSection
EndGlobal
