
Microsoft Visual Studio Solution File, Format Version 11.00
# Visual Studio 2010
Project("{F184B08F-C81C-45F6-A57F-5ABD9991F28F}") = "DiscoveryChat", "DiscoveryChat\DiscoveryChat.vbproj", "{B87E052B-C341-45DB-B850-F5ADC8BE1085}"
EndProject
Global
	GlobalSection(SolutionConfigurationPlatforms) = preSolution
		Debug|Any CPU = Debug|Any CPU
		Debug|Mixed Platforms = Debug|Mixed Platforms
		Debug|x86 = Debug|x86
		Release|Any CPU = Release|Any CPU
		Release|Mixed Platforms = Release|Mixed Platforms
		Release|x86 = Release|x86
	EndGlobalSection
	GlobalSection(ProjectConfigurationPlatforms) = postSolution
		{B87E052B-C341-45DB-B850-F5ADC8BE1085}.Debug|Any CPU.ActiveCfg = Debug|Any CPU
		{B87E052B-C341-45DB-B850-F5ADC8BE1085}.Debug|Any CPU.Build.0 = Debug|Any CPU
		{B87E052B-C341-45DB-B850-F5ADC8BE1085}.Debug|Mixed Platforms.ActiveCfg = Debug|Any CPU
		{B87E052B-C341-45DB-B850-F5ADC8BE1085}.Debug|Mixed Platforms.Build.0 = Debug|Any CPU
		{B87E052B-C341-45DB-B850-F5ADC8BE1085}.Debug|x86.ActiveCfg = Debug|Any CPU
		{B87E052B-C341-45DB-B850-F5ADC8BE1085}.Release|Any CPU.ActiveCfg = Release|Any CPU
		{B87E052B-C341-45DB-B850-F5ADC8BE1085}.Release|Any CPU.Build.0 = Release|Any CPU
		{B87E052B-C341-45DB-B850-F5ADC8BE1085}.Release|Mixed Platforms.ActiveCfg = Release|Any CPU
		{B87E052B-C341-45DB-B850-F5ADC8BE1085}.Release|Mixed Platforms.Build.0 = Release|Any CPU
		{B87E052B-C341-45DB-B850-F5ADC8BE1085}.Release|x86.ActiveCfg = Release|Any CPU
	EndGlobalSection
	GlobalSection(SolutionProperties) = preSolution
		HideSolutionNode = FALSE
	EndGlobalSection
EndGlobal
