
Microsoft Visual Studio Solution File, Format Version 12.00
# Visual Studio 2012
Project("{FAE04EC0-301F-11D3-BF4B-00C04F79EFBC}") = "OneTimePadCipher", "OneTimePadCipher\OneTimePadCipher.csproj", "{04A67AA8-8822-454C-9924-7DA03E523749}"
EndProject
Project("{FAE04EC0-301F-11D3-BF4B-00C04F79EFBC}") = "Cipher", "Cipher\Cipher.csproj", "{7ED089AE-14D9-4933-8E4C-F4FFFFE0B502}"
EndProject
Project("{FAE04EC0-301F-11D3-BF4B-00C04F79EFBC}") = "BlockCipher", "BlockCipher\BlockCipher.csproj", "{ACF35731-F8B4-4BC9-A68F-AF1D98E76C06}"
EndProject
Project("{FAE04EC0-301F-11D3-BF4B-00C04F79EFBC}") = "HashedStreamVideo", "HashedStreamVideo\HashedStreamVideo.csproj", "{692E2756-30C9-4234-8F3A-87D563CDA88B}"
EndProject
Project("{FAE04EC0-301F-11D3-BF4B-00C04F79EFBC}") = "PaddingAttack", "PaddingAttack\PaddingAttack.csproj", "{66C21BD9-94B9-4E94-B2C0-6E624263ACAD}"
EndProject
Global
	GlobalSection(SolutionConfigurationPlatforms) = preSolution
		Debug|Any CPU = Debug|Any CPU
		Release|Any CPU = Release|Any CPU
	EndGlobalSection
	GlobalSection(ProjectConfigurationPlatforms) = postSolution
		{04A67AA8-8822-454C-9924-7DA03E523749}.Debug|Any CPU.ActiveCfg = Debug|Any CPU
		{04A67AA8-8822-454C-9924-7DA03E523749}.Debug|Any CPU.Build.0 = Debug|Any CPU
		{04A67AA8-8822-454C-9924-7DA03E523749}.Release|Any CPU.ActiveCfg = Release|Any CPU
		{04A67AA8-8822-454C-9924-7DA03E523749}.Release|Any CPU.Build.0 = Release|Any CPU
		{7ED089AE-14D9-4933-8E4C-F4FFFFE0B502}.Debug|Any CPU.ActiveCfg = Debug|Any CPU
		{7ED089AE-14D9-4933-8E4C-F4FFFFE0B502}.Debug|Any CPU.Build.0 = Debug|Any CPU
		{7ED089AE-14D9-4933-8E4C-F4FFFFE0B502}.Release|Any CPU.ActiveCfg = Release|Any CPU
		{7ED089AE-14D9-4933-8E4C-F4FFFFE0B502}.Release|Any CPU.Build.0 = Release|Any CPU
		{ACF35731-F8B4-4BC9-A68F-AF1D98E76C06}.Debug|Any CPU.ActiveCfg = Debug|Any CPU
		{ACF35731-F8B4-4BC9-A68F-AF1D98E76C06}.Debug|Any CPU.Build.0 = Debug|Any CPU
		{ACF35731-F8B4-4BC9-A68F-AF1D98E76C06}.Release|Any CPU.ActiveCfg = Release|Any CPU
		{ACF35731-F8B4-4BC9-A68F-AF1D98E76C06}.Release|Any CPU.Build.0 = Release|Any CPU
		{692E2756-30C9-4234-8F3A-87D563CDA88B}.Debug|Any CPU.ActiveCfg = Debug|Any CPU
		{692E2756-30C9-4234-8F3A-87D563CDA88B}.Debug|Any CPU.Build.0 = Debug|Any CPU
		{692E2756-30C9-4234-8F3A-87D563CDA88B}.Release|Any CPU.ActiveCfg = Release|Any CPU
		{692E2756-30C9-4234-8F3A-87D563CDA88B}.Release|Any CPU.Build.0 = Release|Any CPU
		{66C21BD9-94B9-4E94-B2C0-6E624263ACAD}.Debug|Any CPU.ActiveCfg = Debug|Any CPU
		{66C21BD9-94B9-4E94-B2C0-6E624263ACAD}.Debug|Any CPU.Build.0 = Debug|Any CPU
		{66C21BD9-94B9-4E94-B2C0-6E624263ACAD}.Release|Any CPU.ActiveCfg = Release|Any CPU
		{66C21BD9-94B9-4E94-B2C0-6E624263ACAD}.Release|Any CPU.Build.0 = Release|Any CPU
	EndGlobalSection
	GlobalSection(SolutionProperties) = preSolution
		HideSolutionNode = FALSE
	EndGlobalSection
EndGlobal
