
Microsoft Visual Studio Solution File, Format Version 12.00
# Visual Studio 2012
Project("{2150E333-8FDC-42A3-9474-1A3956D46DE8}") = "Solution Items", "Solution Items", "{45BAC773-F236-42D2-B97A-7B53E0114D71}"
	ProjectSection(SolutionItems) = preProject
		01 - color.html = 01 - color.html
		01.html = 01.html
		02.html = 02.html
		03 - domready.html = 03 - domready.html
		04 - windowload.html = 04 - windowload.html
		05 - readyafterbody.html = 05 - readyafterbody.html
		06 - chaining.html = 06 - chaining.html
		07  - brokenchain.html = 07  - brokenchain.html
		08 - destructivemethods.html = 08 - destructivemethods.html
		09 - params.html = 09 - params.html
		10 - mouseenter.html = 10 - mouseenter.html
		11 - each.html = 11 - each.html
		12 - domelements.html = 12 - domelements.html
		13 - get().html = 13 - get().html
		14 - emptychecks.html = 14 - emptychecks.html
		15 - noConflict().html = 15 - noConflict().html
		16 - impliciteach.html = 16 - impliciteach.html
		17 - non-workingexpliciteach.html = 17 - non-workingexpliciteach.html
		18 - expliciteach.html = 18 - expliciteach.html
		19 - order.html = 19 - order.html
		20 - context.html = 20 - context.html
		21 - buildDOM.html = 21 - buildDOM.html
		22 - hidden vs visible.html = 22 - hidden vs visible.html
		23 - is().html = 23 - is().html
		24 - severalselectors.html = 24 - severalselectors.html
		25 - emptyselection.html = 25 - emptyselection.html
		26 - customfilter.html = 26 - customfilter.html
		27 - numersfilters.html = 27 - numersfilters.html
		28 - relationshipfilters.html = 28 - relationshipfilters.html
		29 - escapedcharacters.html = 29 - escapedcharacters.html
		grok-text.html = grok-text.html
		HTMLPage5.htm = HTMLPage5.htm
		sample100.html = sample100.html
		sample30.html = sample30.html
		sample31.html = sample31.html
		sample32.html = sample32.html
		sample33.html = sample33.html
		sample34.html = sample34.html
		sample35.html = sample35.html
		sample36.html = sample36.html
		sample37.html = sample37.html
		sample38.html = sample38.html
		sample39.html = sample39.html
		sample40.html = sample40.html
		sample41.html = sample41.html
		sample42.html = sample42.html
		sample43.html = sample43.html
		sample44.html = sample44.html
		sample45.html = sample45.html
		sample46.html = sample46.html
		sample47.html = sample47.html
		sample48.html = sample48.html
		sample49.html = sample49.html
		sample50.html = sample50.html
		sample51.html = sample51.html
		sample52.html = sample52.html
		sample53.html = sample53.html
		sample54.html = sample54.html
		sample55.html = sample55.html
		sample56.html = sample56.html
		sample57.html = sample57.html
		sample58.html = sample58.html
		sample59.html = sample59.html
		sample60.html = sample60.html
		sample61.html = sample61.html
		sample62.html = sample62.html
		sample63.html = sample63.html
		sample64.html = sample64.html
		sample65.html = sample65.html
		sample66.html = sample66.html
		sample67.html = sample67.html
		sample68.html = sample68.html
		sample69.html = sample69.html
		sample70.html = sample70.html
		sample71.html = sample71.html
		sample72.html = sample72.html
		sample73.html = sample73.html
		sample74.html = sample74.html
		sample75.html = sample75.html
		sample76.html = sample76.html
		sample77.html = sample77.html
		sample78.html = sample78.html
		sample79.html = sample79.html
		sample80.html = sample80.html
		sample81.html = sample81.html
		sample82.html = sample82.html
		sample83.html = sample83.html
		sample84.html = sample84.html
		sample85.html = sample85.html
		sample86.html = sample86.html
		sample87.html = sample87.html
		sample88.html = sample88.html
		sample89.html = sample89.html
		sample90.html = sample90.html
		sample91.html = sample91.html
		sample92.html = sample92.html
		sample93.html = sample93.html
		sample94.html = sample94.html
		sample95.html = sample95.html
		sample96.html = sample96.html
		sample97.html = sample97.html
		sample98.html = sample98.html
		sample99.html = sample99.html
	EndProjectSection
EndProject
Global
	GlobalSection(SolutionProperties) = preSolution
		HideSolutionNode = FALSE
	EndGlobalSection
EndGlobal
