
Microsoft Visual Studio Solution File, Format Version 11.00
# Visual Studio 2010
Project("{F184B08F-C81C-45F6-A57F-5ABD9991F28F}") = "UsingWCFServices", "UsingWCFServices\UsingWCFServices.vbproj", "{DEC4497E-2E5C-47FD-9E34-657CC219C488}"
	ProjectSection(ProjectDependencies) = postProject
		{26EC4F61-9B90-4D32-8547-737E000D820F} = {26EC4F61-9B90-4D32-8547-737E000D820F}
	EndProjectSection
EndProject
Project("{F184B08F-C81C-45F6-A57F-5ABD9991F28F}") = "UsingWCFServices.Web", "UsingWCFServices.Web\UsingWCFServices.Web.vbproj", "{26EC4F61-9B90-4D32-8547-737E000D820F}"
EndProject
Global
	GlobalSection(SolutionConfigurationPlatforms) = preSolution
		Debug|Any CPU = Debug|Any CPU
		Release|Any CPU = Release|Any CPU
	EndGlobalSection
	GlobalSection(ProjectConfigurationPlatforms) = postSolution
		{DEC4497E-2E5C-47FD-9E34-657CC219C488}.Debug|Any CPU.ActiveCfg = Debug|Any CPU
		{DEC4497E-2E5C-47FD-9E34-657CC219C488}.Debug|Any CPU.Build.0 = Debug|Any CPU
		{DEC4497E-2E5C-47FD-9E34-657CC219C488}.Release|Any CPU.ActiveCfg = Release|Any CPU
		{DEC4497E-2E5C-47FD-9E34-657CC219C488}.Release|Any CPU.Build.0 = Release|Any CPU
		{26EC4F61-9B90-4D32-8547-737E000D820F}.Debug|Any CPU.ActiveCfg = Debug|Any CPU
		{26EC4F61-9B90-4D32-8547-737E000D820F}.Debug|Any CPU.Build.0 = Debug|Any CPU
		{26EC4F61-9B90-4D32-8547-737E000D820F}.Release|Any CPU.ActiveCfg = Release|Any CPU
		{26EC4F61-9B90-4D32-8547-737E000D820F}.Release|Any CPU.Build.0 = Release|Any CPU
	EndGlobalSection
	GlobalSection(SolutionProperties) = preSolution
		HideSolutionNode = FALSE
	EndGlobalSection
EndGlobal
