
Microsoft Visual Studio Solution File, Format Version 11.00
# Visual Studio 2010
Project("{F184B08F-C81C-45F6-A57F-5ABD9991F28F}") = "DataBinding", "DataBinding\DataBinding.vbproj", "{0C1DE582-219D-4F60-95CF-84315060829F}"
EndProject
Project("{F184B08F-C81C-45F6-A57F-5ABD9991F28F}") = "DataBinding.Web", "DataBinding.Web\DataBinding.Web.vbproj", "{5A7E6F43-3793-4DDF-A24D-01BB443A5559}"
EndProject
Global
	GlobalSection(SolutionConfigurationPlatforms) = preSolution
		Debug|Any CPU = Debug|Any CPU
		Release|Any CPU = Release|Any CPU
	EndGlobalSection
	GlobalSection(ProjectConfigurationPlatforms) = postSolution
		{0C1DE582-219D-4F60-95CF-84315060829F}.Debug|Any CPU.ActiveCfg = Debug|Any CPU
		{0C1DE582-219D-4F60-95CF-84315060829F}.Debug|Any CPU.Build.0 = Debug|Any CPU
		{0C1DE582-219D-4F60-95CF-84315060829F}.Release|Any CPU.ActiveCfg = Release|Any CPU
		{0C1DE582-219D-4F60-95CF-84315060829F}.Release|Any CPU.Build.0 = Release|Any CPU
		{5A7E6F43-3793-4DDF-A24D-01BB443A5559}.Debug|Any CPU.ActiveCfg = Debug|Any CPU
		{5A7E6F43-3793-4DDF-A24D-01BB443A5559}.Debug|Any CPU.Build.0 = Debug|Any CPU
		{5A7E6F43-3793-4DDF-A24D-01BB443A5559}.Release|Any CPU.ActiveCfg = Release|Any CPU
		{5A7E6F43-3793-4DDF-A24D-01BB443A5559}.Release|Any CPU.Build.0 = Release|Any CPU
	EndGlobalSection
	GlobalSection(SolutionProperties) = preSolution
		HideSolutionNode = FALSE
	EndGlobalSection
EndGlobal
