
Microsoft Visual Studio Solution File, Format Version 10.00
# Visual Studio 2008
Project("{E24C65DC-7377-472B-9ABA-BC803B73C61A}") = "Website", "Website\", "{AA2E8993-C35A-4D82-BF63-7C2B4500DE78}"
	ProjectSection(WebsiteProperties) = preProject
		TargetFramework = "2.0"
		ProjectReferences = "{642121FC-0EB4-41CF-A2FC-8DF502DE1FA7}|DatabaseComponent.dll;"
		Debug.AspNetCompiler.VirtualPath = "/Website"
		Debug.AspNetCompiler.PhysicalPath = "..\..\..\..\Code\Pro ASP.NET 2.0\Chapter10\Website\"
		Debug.AspNetCompiler.TargetPath = "PrecompiledWeb\Website\"
		Debug.AspNetCompiler.Updateable = "true"
		Debug.AspNetCompiler.ForceOverwrite = "true"
		Debug.AspNetCompiler.FixedNames = "true"
		Debug.AspNetCompiler.Debug = "True"
		Release.AspNetCompiler.VirtualPath = "/Website"
		Release.AspNetCompiler.PhysicalPath = "..\..\..\..\Code\Pro ASP.NET 2.0\Chapter10\Website\"
		Release.AspNetCompiler.TargetPath = "PrecompiledWeb\Website\"
		Release.AspNetCompiler.Updateable = "true"
		Release.AspNetCompiler.ForceOverwrite = "true"
		Release.AspNetCompiler.FixedNames = "true"
		Release.AspNetCompiler.Debug = "False"
		VWDPort = "2351"
	EndProjectSection
EndProject
Project("{FAE04EC0-301F-11D3-BF4B-00C04F79EFBC}") = "DatabaseComponent", "DatabaseComponent\DatabaseComponent.csproj", "{642121FC-0EB4-41CF-A2FC-8DF502DE1FA7}"
EndProject
Global
	GlobalSection(SolutionConfigurationPlatforms) = preSolution
		Debug|.NET = Debug|.NET
		Debug|Any CPU = Debug|Any CPU
		Debug|Mixed Platforms = Debug|Mixed Platforms
		Release|.NET = Release|.NET
		Release|Any CPU = Release|Any CPU
		Release|Mixed Platforms = Release|Mixed Platforms
	EndGlobalSection
	GlobalSection(ProjectConfigurationPlatforms) = postSolution
		{AA2E8993-C35A-4D82-BF63-7C2B4500DE78}.Debug|.NET.ActiveCfg = Debug|.NET
		{AA2E8993-C35A-4D82-BF63-7C2B4500DE78}.Debug|.NET.Build.0 = Debug|.NET
		{AA2E8993-C35A-4D82-BF63-7C2B4500DE78}.Debug|Any CPU.ActiveCfg = Debug|.NET
		{AA2E8993-C35A-4D82-BF63-7C2B4500DE78}.Debug|Mixed Platforms.ActiveCfg = Debug|.NET
		{AA2E8993-C35A-4D82-BF63-7C2B4500DE78}.Debug|Mixed Platforms.Build.0 = Debug|.NET
		{AA2E8993-C35A-4D82-BF63-7C2B4500DE78}.Release|.NET.ActiveCfg = Debug|.NET
		{AA2E8993-C35A-4D82-BF63-7C2B4500DE78}.Release|.NET.Build.0 = Debug|.NET
		{AA2E8993-C35A-4D82-BF63-7C2B4500DE78}.Release|Any CPU.ActiveCfg = Debug|.NET
		{AA2E8993-C35A-4D82-BF63-7C2B4500DE78}.Release|Mixed Platforms.ActiveCfg = Debug|.NET
		{AA2E8993-C35A-4D82-BF63-7C2B4500DE78}.Release|Mixed Platforms.Build.0 = Debug|.NET
		{642121FC-0EB4-41CF-A2FC-8DF502DE1FA7}.Debug|.NET.ActiveCfg = Debug|Any CPU
		{642121FC-0EB4-41CF-A2FC-8DF502DE1FA7}.Debug|Any CPU.ActiveCfg = Debug|Any CPU
		{642121FC-0EB4-41CF-A2FC-8DF502DE1FA7}.Debug|Any CPU.Build.0 = Debug|Any CPU
		{642121FC-0EB4-41CF-A2FC-8DF502DE1FA7}.Debug|Mixed Platforms.ActiveCfg = Debug|Any CPU
		{642121FC-0EB4-41CF-A2FC-8DF502DE1FA7}.Debug|Mixed Platforms.Build.0 = Debug|Any CPU
		{642121FC-0EB4-41CF-A2FC-8DF502DE1FA7}.Release|.NET.ActiveCfg = Release|Any CPU
		{642121FC-0EB4-41CF-A2FC-8DF502DE1FA7}.Release|Any CPU.ActiveCfg = Release|Any CPU
		{642121FC-0EB4-41CF-A2FC-8DF502DE1FA7}.Release|Any CPU.Build.0 = Release|Any CPU
		{642121FC-0EB4-41CF-A2FC-8DF502DE1FA7}.Release|Mixed Platforms.ActiveCfg = Release|Any CPU
		{642121FC-0EB4-41CF-A2FC-8DF502DE1FA7}.Release|Mixed Platforms.Build.0 = Release|Any CPU
	EndGlobalSection
	GlobalSection(SolutionProperties) = preSolution
		HideSolutionNode = FALSE
	EndGlobalSection
EndGlobal
