
Microsoft Visual Studio Solution File, Format Version 11.00
# Visual Studio 2010
Project("{F184B08F-C81C-45F6-A57F-5ABD9991F28F}") = "CustomActionVSIX", "CustomActionVSIX\CustomActionVSIX.vbproj", "{99AFE5A7-B15D-41BE-9A69-5AF01D1BE7C0}"
EndProject
Project("{F184B08F-C81C-45F6-A57F-5ABD9991F28F}") = "CustomActionItemExtension", "CustomActionItemExtension\CustomActionItemExtension.vbproj", "{26E1DBB6-F1B5-4602-90ED-F57D70E078D2}"
EndProject
Global
	GlobalSection(SolutionConfigurationPlatforms) = preSolution
		Debug|Any CPU = Debug|Any CPU
		Release|Any CPU = Release|Any CPU
	EndGlobalSection
	GlobalSection(ProjectConfigurationPlatforms) = postSolution
		{99AFE5A7-B15D-41BE-9A69-5AF01D1BE7C0}.Debug|Any CPU.ActiveCfg = Debug|Any CPU
		{99AFE5A7-B15D-41BE-9A69-5AF01D1BE7C0}.Debug|Any CPU.Build.0 = Debug|Any CPU
		{99AFE5A7-B15D-41BE-9A69-5AF01D1BE7C0}.Release|Any CPU.ActiveCfg = Release|Any CPU
		{99AFE5A7-B15D-41BE-9A69-5AF01D1BE7C0}.Release|Any CPU.Build.0 = Release|Any CPU
		{26E1DBB6-F1B5-4602-90ED-F57D70E078D2}.Debug|Any CPU.ActiveCfg = Debug|Any CPU
		{26E1DBB6-F1B5-4602-90ED-F57D70E078D2}.Debug|Any CPU.Build.0 = Debug|Any CPU
		{26E1DBB6-F1B5-4602-90ED-F57D70E078D2}.Release|Any CPU.ActiveCfg = Release|Any CPU
		{26E1DBB6-F1B5-4602-90ED-F57D70E078D2}.Release|Any CPU.Build.0 = Release|Any CPU
	EndGlobalSection
	GlobalSection(SolutionProperties) = preSolution
		HideSolutionNode = FALSE
	EndGlobalSection
EndGlobal
